PODS:
  - SQLite.swift (0.11.3):
    - SQLite.swift/standard (= 0.11.3)
  - SQLite.swift/standard (0.11.3)

DEPENDENCIES:
  - SQLite.swift (from `https://github.com/stephencelis/SQLite.swift.git`, branch `swift-4`)

EXTERNAL SOURCES:
  SQLite.swift:
    :branch: swift-4
    :git: https://github.com/stephencelis/SQLite.swift.git

CHECKOUT OPTIONS:
  SQLite.swift:
    :commit: 6463eb13c021cba6de2ed4e8a76a5c03301de200
    :git: https://github.com/stephencelis/SQLite.swift.git

SPEC CHECKSUMS:
  SQLite.swift: f5e183af7f267169a3e71cefc7c0a72e687c52a7

PODFILE CHECKSUM: 4b21f66a085b8efd47c6bc78a1a957a5fb5a77ab

COCOAPODS: 1.2.1
