// !$*UTF8*$!
{
	archiveVersion = 1;
	classes = {
	};
	objectVersion = 46;
	objects = {

/* Begin PBXBuildFile section */
		EC97E62B1F1892BF00EB29A9 /* AppDelegate.swift in Sources */ = {isa = PBXBuildFile; fileRef = EC97E62A1F1892BF00EB29A9 /* AppDelegate.swift */; };
		EC97E62D1F1892BF00EB29A9 /* ViewController.swift in Sources */ = {isa = PBXBuildFile; fileRef = EC97E62C1F1892BF00EB29A9 /* ViewController.swift */; };
		EC97E6301F1892BF00EB29A9 /* Main.storyboard in Resources */ = {isa = PBXBuildFile; fileRef = EC97E62E1F1892BF00EB29A9 /* Main.storyboard */; };
		EC97E6321F1892BF00EB29A9 /* Assets.xcassets in Resources */ = {isa = PBXBuildFile; fileRef = EC97E6311F1892BF00EB29A9 /* Assets.xcassets */; };
		EC97E6351F1892BF00EB29A9 /* LaunchScreen.storyboard in Resources */ = {isa = PBXBuildFile; fileRef = EC97E6331F1892BF00EB29A9 /* LaunchScreen.storyboard */; };
/* End PBXBuildFile section */

/* Begin PBXFileReference section */
		EC97E6271F1892BF00EB29A9 /* ObjectSQLite-Demo.app */ = {isa = PBXFileReference; explicitFileType = wrapper.application; includeInIndex = 0; path = "ObjectSQLite-Demo.app"; sourceTree = BUILT_PRODUCTS_DIR; };
		EC97E62A1F1892BF00EB29A9 /* AppDelegate.swift */ = {isa = PBXFileReference; lastKnownFileType = sourcecode.swift; path = AppDelegate.swift; sourceTree = "<group>"; };
		EC97E62C1F1892BF00EB29A9 /* ViewController.swift */ = {isa = PBXFileReference; lastKnownFileType = sourcecode.swift; path = ViewController.swift; sourceTree = "<group>"; };
		EC97E62F1F1892BF00EB29A9 /* Base */ = {isa = PBXFileReference; lastKnownFileType = file.storyboard; name = Base; path = Base.lproj/Main.storyboard; sourceTree = "<group>"; };
		EC97E6311F1892BF00EB29A9 /* Assets.xcassets */ = {isa = PBXFileReference; lastKnownFileType = folder.assetcatalog; path = Assets.xcassets; sourceTree = "<group>"; };
		EC97E6341F1892BF00EB29A9 /* Base */ = {isa = PBXFileReference; lastKnownFileType = file.storyboard; name = Base; path = Base.lproj/LaunchScreen.storyboard; sourceTree = "<group>"; };
		EC97E6361F1892BF00EB29A9 /* Info.plist */ = {isa = PBXFileReference; lastKnownFileType = text.plist.xml; path = Info.plist; sourceTree = "<group>"; };
/* End PBXFileReference section */

/* Begin PBXFrameworksBuildPhase section */
		EC97E6241F1892BF00EB29A9 /* Frameworks */ = {
			isa = PBXFrameworksBuildPhase;
			buildActionMask = 2147483647;
			files = (
			);
			runOnlyForDeploymentPostprocessing = 0;
		};
/* End PBXFrameworksBuildPhase section */

/* Begin PBXGroup section */
		EC97E61E1F1892BF00EB29A9 = {
			isa = PBXGroup;
			children = (
				EC97E6291F1892BF00EB29A9 /* ObjectSQLite-Demo */,
				EC97E6281F1892BF00EB29A9 /* Products */,
			);
			sourceTree = "<group>";
		};
		EC97E6281F1892BF00EB29A9 /* Products */ = {
			isa = PBXGroup;
			children = (
				EC97E6271F1892BF00EB29A9 /* ObjectSQLite-Demo.app */,
			);
			name = Products;
			sourceTree = "<group>";
		};
		EC97E6291F1892BF00EB29A9 /* ObjectSQLite-Demo */ = {
			isa = PBXGroup;
			children = (
				EC97E62A1F1892BF00EB29A9 /* AppDelegate.swift */,
				EC97E62C1F1892BF00EB29A9 /* ViewController.swift */,
				EC97E62E1F1892BF00EB29A9 /* Main.storyboard */,
				EC97E6311F1892BF00EB29A9 /* Assets.xcassets */,
				EC97E6331F1892BF00EB29A9 /* LaunchScreen.storyboard */,
				EC97E6361F1892BF00EB29A9 /* Info.plist */,
			);
			path = "ObjectSQLite-Demo";
			sourceTree = "<group>";
		};
/* End PBXGroup section */

/* Begin PBXNativeTarget section */
		EC97E6261F1892BF00EB29A9 /* ObjectSQLite-Demo */ = {
			isa = PBXNativeTarget;
			buildConfigurationList = EC97E6391F1892BF00EB29A9 /* Build configuration list for PBXNativeTarget "ObjectSQLite-Demo" */;
			buildPhases = (
				EC97E6231F1892BF00EB29A9 /* Sources */,
				EC97E6241F1892BF00EB29A9 /* Frameworks */,
				EC97E6251F1892BF00EB29A9 /* Resources */,
			);
			buildRules = (
			);
			dependencies = (
			);
			name = "ObjectSQLite-Demo";
			productName = "ObjectSQLite-Demo";
			productReference = EC97E6271F1892BF00EB29A9 /* ObjectSQLite-Demo.app */;
			productType = "com.apple.product-type.application";
		};
/* End PBXNativeTarget section */

/* Begin PBXProject section */
		EC97E61F1F1892BF00EB29A9 /* Project object */ = {
			isa = PBXProject;
			attributes = {
				LastSwiftUpdateCheck = 0830;
				LastUpgradeCheck = 0830;
				ORGANIZATIONNAME = lvjun;
				TargetAttributes = {
					EC97E6261F1892BF00EB29A9 = {
						CreatedOnToolsVersion = 8.3.2;
						DevelopmentTeam = XE778GA928;
						ProvisioningStyle = Automatic;
					};
				};
			};
			buildConfigurationList = EC97E6221F1892BF00EB29A9 /* Build configuration list for PBXProject "ObjectSQLite-Demo" */;
			compatibilityVersion = "Xcode 3.2";
			developmentRegion = English;
			hasScannedForEncodings = 0;
			knownRegions = (
				en,
				Base,
			);
			mainGroup = EC97E61E1F1892BF00EB29A9;
			productRefGroup = EC97E6281F1892BF00EB29A9 /* Products */;
			projectDirPath = "";
			projectRoot = "";
			targets = (
				EC97E6261F1892BF00EB29A9 /* ObjectSQLite-Demo */,
			);
		};
/* End PBXProject section */

/* Begin PBXResourcesBuildPhase section */
		EC97E6251F1892BF00EB29A9 /* Resources */ = {
			isa = PBXResourcesBuildPhase;
			buildActionMask = 2147483647;
			files = (
				EC97E6351F1892BF00EB29A9 /* LaunchScreen.storyboard in Resources */,
				EC97E6321F1892BF00EB29A9 /* Assets.xcassets in Resources */,
				EC97E6301F1892BF00EB29A9 /* Main.storyboard in Resources */,
			);
			runOnlyForDeploymentPostprocessing = 0;
		};
/* End PBXResourcesBuildPhase section */

/* Begin PBXSourcesBuildPhase section */
		EC97E6231F1892BF00EB29A9 /* Sources */ = {
			isa = PBXSourcesBuildPhase;
			buildActionMask = 2147483647;
			files = (
				EC97E62D1F1892BF00EB29A9 /* ViewController.swift in Sources */,
				EC97E62B1F1892BF00EB29A9 /* AppDelegate.swift in Sources */,
			);
			runOnlyForDeploymentPostprocessing = 0;
		};
/* End PBXSourcesBuildPhase section */

/* Begin PBXVariantGroup section */
		EC97E62E1F1892BF00EB29A9 /* Main.storyboard */ = {
			isa = PBXVariantGroup;
			children = (
				EC97E62F1F1892BF00EB29A9 /* Base */,
			);
			name = Main.storyboard;
			sourceTree = "<group>";
		};
		EC97E6331F1892BF00EB29A9 /* LaunchScreen.storyboard */ = {
			isa = PBXVariantGroup;
			children = (
				EC97E6341F1892BF00EB29A9 /* Base */,
			);
			name = LaunchScreen.storyboard;
			sourceTree = "<group>";
		};
/* End PBXVariantGroup section */

/* Begin XCBuildConfiguration section */
		EC97E6371F1892BF00EB29A9 /* Debug */ = {
			isa = XCBuildConfiguration;
			buildSettings = {
				ALWAYS_SEARCH_USER_PATHS = NO;
				CLANG_ANALYZER_NONNULL = YES;
				CLANG_ANALYZER_NUMBER_OBJECT_CONVERSION = YES_AGGRESSIVE;
				CLANG_CXX_LANGUAGE_STANDARD = "gnu++0x";
				CLANG_CXX_LIBRARY = "libc++";
				CLANG_ENABLE_MODULES = YES;
				CLANG_ENABLE_OBJC_ARC = YES;
				CLANG_WARN_BOOL_CONVERSION = YES;
				CLANG_WARN_CONSTANT_CONVERSION = YES;
				CLANG_WARN_DIRECT_OBJC_ISA_USAGE = YES_ERROR;
				CLANG_WARN_DOCUMENTATION_COMMENTS = YES;
				CLANG_WARN_EMPTY_BODY = YES;
				CLANG_WARN_ENUM_CONVERSION = YES;
				CLANG_WARN_INFINITE_RECURSION = YES;
				CLANG_WARN_INT_CONVERSION = YES;
				CLANG_WARN_OBJC_ROOT_CLASS = YES_ERROR;
				CLANG_WARN_SUSPICIOUS_MOVE = YES;
				CLANG_WARN_UNREACHABLE_CODE = YES;
				CLANG_WARN__DUPLICATE_METHOD_MATCH = YES;
				"CODE_SIGN_IDENTITY[sdk=iphoneos*]" = "iPhone Developer";
				COPY_PHASE_STRIP = NO;
				DEBUG_INFORMATION_FORMAT = dwarf;
				ENABLE_STRICT_OBJC_MSGSEND = YES;
				ENABLE_TESTABILITY = YES;
				GCC_C_LANGUAGE_STANDARD = gnu99;
				GCC_DYNAMIC_NO_PIC = NO;
				GCC_NO_COMMON_BLOCKS = YES;
				GCC_OPTIMIZATION_LEVEL = 0;
				GCC_PREPROCESSOR_DEFINITIONS = (
					"DEBUG=1",
					"$(inherited)",
				);
				GCC_WARN_64_TO_32_BIT_CONVERSION = YES;
				GCC_WARN_ABOUT_RETURN_TYPE = YES_ERROR;
				GCC_WARN_UNDECLARED_SELECTOR = YES;
				GCC_WARN_UNINITIALIZED_AUTOS = YES_AGGRESSIVE;
				GCC_WARN_UNUSED_FUNCTION = YES;
				GCC_WARN_UNUSED_VARIABLE = YES;
				IPHONEOS_DEPLOYMENT_TARGET = 10.3;
				MTL_ENABLE_DEBUG_INFO = YES;
				ONLY_ACTIVE_ARCH = YES;
				SDKROOT = iphoneos;
				SWIFT_ACTIVE_COMPILATION_CONDITIONS = DEBUG;
				SWIFT_OPTIMIZATION_LEVEL = "-Onone";
				TARGETED_DEVICE_FAMILY = "1,2";
			};
			name = Debug;
		};
		EC97E6381F1892BF00EB29A9 /* Release */ = {
			isa = XCBuildConfiguration;
			buildSettings = {
				ALWAYS_SEARCH_USER_PATHS = NO;
				CLANG_ANALYZER_NONNULL = YES;
				CLANG_ANALYZER_NUMBER_OBJECT_CONVERSION = YES_AGGRESSIVE;
				CLANG_CXX_LANGUAGE_STANDARD = "gnu++0x";
				CLANG_CXX_LIBRARY = "libc++";
				CLANG_ENABLE_MODULES = YES;
				CLANG_ENABLE_OBJC_ARC = YES;
				CLANG_WARN_BOOL_CONVERSION = YES;
				CLANG_WARN_CONSTANT_CONVERSION = YES;
				CLANG_WARN_DIRECT_OBJC_ISA_USAGE = YES_ERROR;
				CLANG_WARN_DOCUMENTATION_COMMENTS = YES;
				CLANG_WARN_EMPTY_BODY = YES;
				CLANG_WARN_ENUM_CONVERSION = YES;
				CLANG_WARN_INFINITE_RECURSION = YES;
				CLANG_WARN_INT_CONVERSION = YES;
				CLANG_WARN_OBJC_ROOT_CLASS = YES_ERROR;
				CLANG_WARN_SUSPICIOUS_MOVE = YES;
				CLANG_WARN_UNREACHABLE_CODE = YES;
				CLANG_WARN__DUPLICATE_METHOD_MATCH = YES;
				"CODE_SIGN_IDENTITY[sdk=iphoneos*]" = "iPhone Developer";
				COPY_PHASE_STRIP = NO;
				DEBUG_INFORMATION_FORMAT = "dwarf-with-dsym";
				ENABLE_NS_ASSERTIONS = NO;
				ENABLE_STRICT_OBJC_MSGSEND = YES;
				GCC_C_LANGUAGE_STANDARD = gnu99;
				GCC_NO_COMMON_BLOCKS = YES;
				GCC_WARN_64_TO_32_BIT_CONVERSION = YES;
				GCC_WARN_ABOUT_RETURN_TYPE = YES_ERROR;
				GCC_WARN_UNDECLARED_SELECTOR = YES;
				GCC_WARN_UNINITIALIZED_AUTOS = YES_AGGRESSIVE;
				GCC_WARN_UNUSED_FUNCTION = YES;
				GCC_WARN_UNUSED_VARIABLE = YES;
				IPHONEOS_DEPLOYMENT_TARGET = 10.3;
				MTL_ENABLE_DEBUG_INFO = NO;
				SDKROOT = iphoneos;
				SWIFT_OPTIMIZATION_LEVEL = "-Owholemodule";
				TARGETED_DEVICE_FAMILY = "1,2";
				VALIDATE_PRODUCT = YES;
			};
			name = Release;
		};
		EC97E63A1F1892BF00EB29A9 /* Debug */ = {
			isa = XCBuildConfiguration;
			buildSettings = {
				ASSETCATALOG_COMPILER_APPICON_NAME = AppIcon;
				DEVELOPMENT_TEAM = XE778GA928;
				INFOPLIST_FILE = "ObjectSQLite-Demo/Info.plist";
				LD_RUNPATH_SEARCH_PATHS = "$(inherited) @executable_path/Frameworks";
				PRODUCT_BUNDLE_IDENTIFIER = "lvjun.ObjectSQLite-Demo";
				PRODUCT_NAME = "$(TARGET_NAME)";
				SWIFT_VERSION = 3.0;
			};
			name = Debug;
		};
		EC97E63B1F1892BF00EB29A9 /* Release */ = {
			isa = XCBuildConfiguration;
			buildSettings = {
				ASSETCATALOG_COMPILER_APPICON_NAME = AppIcon;
				DEVELOPMENT_TEAM = XE778GA928;
				INFOPLIST_FILE = "ObjectSQLite-Demo/Info.plist";
				LD_RUNPATH_SEARCH_PATHS = "$(inherited) @executable_path/Frameworks";
				PRODUCT_BUNDLE_IDENTIFIER = "lvjun.ObjectSQLite-Demo";
				PRODUCT_NAME = "$(TARGET_NAME)";
				SWIFT_VERSION = 3.0;
			};
			name = Release;
		};
/* End XCBuildConfiguration section */

/* Begin XCConfigurationList section */
		EC97E6221F1892BF00EB29A9 /* Build configuration list for PBXProject "ObjectSQLite-Demo" */ = {
			isa = XCConfigurationList;
			buildConfigurations = (
				EC97E6371F1892BF00EB29A9 /* Debug */,
				EC97E6381F1892BF00EB29A9 /* Release */,
			);
			defaultConfigurationIsVisible = 0;
			defaultConfigurationName = Release;
		};
		EC97E6391F1892BF00EB29A9 /* Build configuration list for PBXNativeTarget "ObjectSQLite-Demo" */ = {
			isa = XCConfigurationList;
			buildConfigurations = (
				EC97E63A1F1892BF00EB29A9 /* Debug */,
				EC97E63B1F1892BF00EB29A9 /* Release */,
			);
			defaultConfigurationIsVisible = 0;
		};
/* End XCConfigurationList section */
	};
	rootObject = EC97E61F1F1892BF00EB29A9 /* Project object */;
}
